
Microsoft Visual Studio Solution File, Format Version 12.00
# Visual Studio Version 17
VisualStudioVersion = 17.3.32929.385
MinimumVisualStudioVersion = 10.0.40219.1
Project("{FAE04EC0-301F-11D3-BF4B-00C04F79EFBC}") = "WinFormsApp", "WinFormsApp\WinFormsApp.csproj", "{BA0E84B4-6C92-49FD-972B-C00316B7C69C}"
EndProject
Global
	GlobalSection(SolutionConfigurationPlatforms) = preSolution
		Debug|Any CPU = Debug|Any CPU
		Release|Any CPU = Release|Any CPU
	EndGlobalSection
	GlobalSection(ProjectConfigurationPlatforms) = postSolution
		{BA0E84B4-6C92-49FD-972B-C00316B7C69C}.Debug|Any CPU.ActiveCfg = Debug|Any CPU
		{BA0E84B4-6C92-49FD-972B-C00316B7C69C}.Debug|Any CPU.Build.0 = Debug|Any CPU
		{BA0E84B4-6C92-49FD-972B-C00316B7C69C}.Release|Any CPU.ActiveCfg = Release|Any CPU
		{BA0E84B4-6C92-49FD-972B-C00316B7C69C}.Release|Any CPU.Build.0 = Release|Any CPU
	EndGlobalSection
	GlobalSection(SolutionProperties) = preSolution
		HideSolutionNode = FALSE
	EndGlobalSection
	GlobalSection(ExtensibilityGlobals) = postSolution
		SolutionGuid = {32461327-6F43-4B10-BF6E-ACD34DF04D97}
	EndGlobalSection
EndGlobal
